Microsoft Visual Studio Solution File, Format Version 12.00
# Visual Studio Version 17
VisualStudioVersion = 17.5.2.0
MinimumVisualStudioVersion = 10.0.40219.1
Project("{2150E333-8FDC-42A3-9474-1A3956D46DE8}") = "apps", "apps", "{1787FE1D-075E-9E68-7218-25F1BD1BBEAB}"
EndProject
Project("{2150E333-8FDC-42A3-9474-1A3956D46DE8}") = "modules", "modules", "{CA253913-39DE-BFD0-C9A3-4B7EC6FBDF17}"
EndProject
Project("{2150E333-8FDC-42A3-9474-1A3956D46DE8}") = "src", "src", "{827E0CD3-B72D-47B6-A68D-7590B98EB39B}"
EndProject
Project("{2150E333-8FDC-42A3-9474-1A3956D46DE8}") = "tests", "tests", "{0AB3BF05-4346-4AA6-1389-037BE0695223}"
EndProject
Project("{FAE04EC0-301F-11D3-BF4B-00C04F79EFBC}") = "VibeChat.Api", "apps\api\VibeChat.Api.csproj", "{B0FFC900-5244-EC6E-C4B4-2D283D4F9DD6}"
EndProject
Project("{FAE04EC0-301F-11D3-BF4B-00C04F79EFBC}") = "VibeChat.Worker", "apps\worker\VibeChat.Worker.csproj", "{76316D7A-CA39-CE02-A6B8-90A48786A053}"
EndProject
Project("{FAE04EC0-301F-11D3-BF4B-00C04F79EFBC}") = "VibeChat.Administration", "modules\Administration\VibeChat.Administration.csproj", "{42C1DBB0-A279-FED5-1C02-7D8F9D042900}"
EndProject
Project("{FAE04EC0-301F-11D3-BF4B-00C04F79EFBC}") = "VibeChat.AI", "modules\AI\VibeChat.AI.csproj", "{42064809-8BD7-6B4F-5005-EC22ADA28BF0}"
EndProject
Project("{FAE04EC0-301F-11D3-BF4B-00C04F79EFBC}") = "VibeChat.Audit", "modules\Audit\VibeChat.Audit.csproj", "{18884CA8-771D-9CE0-3401-8C5DFCC3D9E6}"
EndProject
Project("{FAE04EC0-301F-11D3-BF4B-00C04F79EFBC}") = "VibeChat.BuildingBlocks", "modules\BuildingBlocks\VibeChat.BuildingBlocks.csproj", "{9FF7021F-8953-20AB-C1E8-0DA9995C18CE}"
EndProject
Project("{FAE04EC0-301F-11D3-BF4B-00C04F79EFBC}") = "VibeChat.Conversations", "modules\Conversations\VibeChat.Conversations.csproj", "{51FA31B0-BA7D-71E7-03B8-C4C223EF4484}"
EndProject
Project("{FAE04EC0-301F-11D3-BF4B-00C04F79EFBC}") = "VibeChat.Directory", "modules\Directory\VibeChat.Directory.csproj", "{28AED458-FCFF-8625-6C5D-D00DAA848F7B}"
EndProject
Project("{FAE04EC0-301F-11D3-BF4B-00C04F79EFBC}") = "VibeChat.Files", "modules\Files\VibeChat.Files.csproj", "{241A87FF-D3FE-009C-A0F0-4BDC8AFBB834}"
EndProject
Project("{FAE04EC0-301F-11D3-BF4B-00C04F79EFBC}") = "VibeChat.Identity", "modules\Identity\VibeChat.Identity.csproj", "{CECC6D6E-C079-620C-6104-3A7CBA326E77}"
EndProject
Project("{FAE04EC0-301F-11D3-BF4B-00C04F79EFBC}") = "VibeChat.Integrations", "modules\Integrations\VibeChat.Integrations.csproj", "{18EBA2D3-EF30-1D8C-5882-D8F8AB0D8982}"
EndProject
Project("{FAE04EC0-301F-11D3-BF4B-00C04F79EFBC}") = "VibeChat.Messaging", "modules\Messaging\VibeChat.Messaging.csproj", "{735F3971-389B-A52A-526A-20FA13FE0708}"
EndProject
Project("{FAE04EC0-301F-11D3-BF4B-00C04F79EFBC}") = "VibeChat.Moderation", "modules\Moderation\VibeChat.Moderation.csproj", "{56A36D6A-0673-D83F-0BDD-429F09D6CC76}"
EndProject
Project("{FAE04EC0-301F-11D3-BF4B-00C04F79EFBC}") = "VibeChat.Notifications", "modules\Notifications\VibeChat.Notifications.csproj", "{A5F763C6-F353-710D-B4C4-AD24A6DA2EB9}"
EndProject
Project("{FAE04EC0-301F-11D3-BF4B-00C04F79EFBC}") = "VibeChat.Realtime", "modules\Realtime\VibeChat.Realtime.csproj", "{EA46513F-4C07-D31D-285B-BB554A4B83E2}"
EndProject
Project("{FAE04EC0-301F-11D3-BF4B-00C04F79EFBC}") = "VibeChat.Search", "modules\Search\VibeChat.Search.csproj", "{8F47FEAE-EA91-3C4D-2B69-1CBB614DE726}"
EndProject
Project("{FAE04EC0-301F-11D3-BF4B-00C04F79EFBC}") = "VibeChat.Tenancy", "modules\Tenancy\VibeChat.Tenancy.csproj", "{C9B7207E-E318-84DE-74EB-19A0E80EC72B}"
EndProject
Project("{FAE04EC0-301F-11D3-BF4B-00C04F79EFBC}") = "VibeChat.Infrastructure", "src\VibeChat.Infrastructure\VibeChat.Infrastructure.csproj", "{18E5365B-1FCA-EACA-53FE-9CD001643A06}"
EndProject
Project("{FAE04EC0-301F-11D3-BF4B-00C04F79EFBC}") = "VibeChat.SharedKernel", "src\VibeChat.SharedKernel\VibeChat.SharedKernel.csproj", "{43A1A409-718A-B2F5-2D87-FFA99E19813B}"
EndProject
Project("{FAE04EC0-301F-11D3-BF4B-00C04F79EFBC}") = "VibeChat.ArchitectureTests", "tests\architecture\VibeChat.ArchitectureTests.csproj", "{447E92AA-0128-FBAD-30AC-242238B1EEA2}"
EndProject
Project("{FAE04EC0-301F-11D3-BF4B-00C04F79EFBC}") = "VibeChat.IntegrationTests", "tests\integration\VibeChat.IntegrationTests.csproj", "{DFF3DA85-9E63-F318-FEBC-21C04B00547F}"
EndProject
Project("{FAE04EC0-301F-11D3-BF4B-00C04F79EFBC}") = "VibeChat.SecurityTests", "tests\security\VibeChat.SecurityTests.csproj", "{233A999E-5578-69E3-340C-6919DAA32C69}"
EndProject
Project("{FAE04EC0-301F-11D3-BF4B-00C04F79EFBC}") = "VibeChat.UnitTests", "tests\unit\VibeChat.UnitTests.csproj", "{4E29ECA8-5C9B-EC93-BAA6-6C0161DE58AB}"
EndProject
Project("{FAE04EC0-301F-11D3-BF4B-00C04F79EFBC}") = "VibeChat.TestHost", "tests\VibeChat.TestHost\VibeChat.TestHost.csproj", "{E62DB023-7887-0600-167F-2BF6B71EEF5A}"
EndProject
Global
	GlobalSection(SolutionConfigurationPlatforms) = preSolution
		Debug|Any CPU = Debug|Any CPU
		Release|Any CPU = Release|Any CPU
	EndGlobalSection
	GlobalSection(ProjectConfigurationPlatforms) = postSolution
		{B0FFC900-5244-EC6E-C4B4-2D283D4F9DD6}.Debug|Any CPU.ActiveCfg = Debug|Any CPU
		{B0FFC900-5244-EC6E-C4B4-2D283D4F9DD6}.Debug|Any CPU.Build.0 = Debug|Any CPU
		{B0FFC900-5244-EC6E-C4B4-2D283D4F9DD6}.Release|Any CPU.ActiveCfg = Release|Any CPU
		{B0FFC900-5244-EC6E-C4B4-2D283D4F9DD6}.Release|Any CPU.Build.0 = Release|Any CPU
		{76316D7A-CA39-CE02-A6B8-90A48786A053}.Debug|Any CPU.ActiveCfg = Debug|Any CPU
		{76316D7A-CA39-CE02-A6B8-90A48786A053}.Debug|Any CPU.Build.0 = Debug|Any CPU
		{76316D7A-CA39-CE02-A6B8-90A48786A053}.Release|Any CPU.ActiveCfg = Release|Any CPU
		{76316D7A-CA39-CE02-A6B8-90A48786A053}.Release|Any CPU.Build.0 = Release|Any CPU
		{42C1DBB0-A279-FED5-1C02-7D8F9D042900}.Debug|Any CPU.ActiveCfg = Debug|Any CPU
		{42C1DBB0-A279-FED5-1C02-7D8F9D042900}.Debug|Any CPU.Build.0 = Debug|Any CPU
		{42C1DBB0-A279-FED5-1C02-7D8F9D042900}.Release|Any CPU.ActiveCfg = Release|Any CPU
		{42C1DBB0-A279-FED5-1C02-7D8F9D042900}.Release|Any CPU.Build.0 = Release|Any CPU
		{42064809-8BD7-6B4F-5005-EC22ADA28BF0}.Debug|Any CPU.ActiveCfg = Debug|Any CPU
		{42064809-8BD7-6B4F-5005-EC22ADA28BF0}.Debug|Any CPU.Build.0 = Debug|Any CPU
		{42064809-8BD7-6B4F-5005-EC22ADA28BF0}.Release|Any CPU.ActiveCfg = Release|Any CPU
		{42064809-8BD7-6B4F-5005-EC22ADA28BF0}.Release|Any CPU.Build.0 = Release|Any CPU
		{18884CA8-771D-9CE0-3401-8C5DFCC3D9E6}.Debug|Any CPU.ActiveCfg = Debug|Any CPU
		{18884CA8-771D-9CE0-3401-8C5DFCC3D9E6}.Debug|Any CPU.Build.0 = Debug|Any CPU
		{18884CA8-771D-9CE0-3401-8C5DFCC3D9E6}.Release|Any CPU.ActiveCfg = Release|Any CPU
		{18884CA8-771D-9CE0-3401-8C5DFCC3D9E6}.Release|Any CPU.Build.0 = Release|Any CPU
		{9FF7021F-8953-20AB-C1E8-0DA9995C18CE}.Debug|Any CPU.ActiveCfg = Debug|Any CPU
		{9FF7021F-8953-20AB-C1E8-0DA9995C18CE}.Debug|Any CPU.Build.0 = Debug|Any CPU
		{9FF7021F-8953-20AB-C1E8-0DA9995C18CE}.Release|Any CPU.ActiveCfg = Release|Any CPU
		{9FF7021F-8953-20AB-C1E8-0DA9995C18CE}.Release|Any CPU.Build.0 = Release|Any CPU
		{51FA31B0-BA7D-71E7-03B8-C4C223EF4484}.Debug|Any CPU.ActiveCfg = Debug|Any CPU
		{51FA31B0-BA7D-71E7-03B8-C4C223EF4484}.Debug|Any CPU.Build.0 = Debug|Any CPU
		{51FA31B0-BA7D-71E7-03B8-C4C223EF4484}.Release|Any CPU.ActiveCfg = Release|Any CPU
		{51FA31B0-BA7D-71E7-03B8-C4C223EF4484}.Release|Any CPU.Build.0 = Release|Any CPU
		{28AED458-FCFF-8625-6C5D-D00DAA848F7B}.Debug|Any CPU.ActiveCfg = Debug|Any CPU
		{28AED458-FCFF-8625-6C5D-D00DAA848F7B}.Debug|Any CPU.Build.0 = Debug|Any CPU
		{28AED458-FCFF-8625-6C5D-D00DAA848F7B}.Release|Any CPU.ActiveCfg = Release|Any CPU
		{28AED458-FCFF-8625-6C5D-D00DAA848F7B}.Release|Any CPU.Build.0 = Release|Any CPU
		{241A87FF-D3FE-009C-A0F0-4BDC8AFBB834}.Debug|Any CPU.ActiveCfg = Debug|Any CPU
		{241A87FF-D3FE-009C-A0F0-4BDC8AFBB834}.Debug|Any CPU.Build.0 = Debug|Any CPU
		{241A87FF-D3FE-009C-A0F0-4BDC8AFBB834}.Release|Any CPU.ActiveCfg = Release|Any CPU
		{241A87FF-D3FE-009C-A0F0-4BDC8AFBB834}.Release|Any CPU.Build.0 = Release|Any CPU
		{CECC6D6E-C079-620C-6104-3A7CBA326E77}.Debug|Any CPU.ActiveCfg = Debug|Any CPU
		{CECC6D6E-C079-620C-6104-3A7CBA326E77}.Debug|Any CPU.Build.0 = Debug|Any CPU
		{CECC6D6E-C079-620C-6104-3A7CBA326E77}.Release|Any CPU.ActiveCfg = Release|Any CPU
		{CECC6D6E-C079-620C-6104-3A7CBA326E77}.Release|Any CPU.Build.0 = Release|Any CPU
		{18EBA2D3-EF30-1D8C-5882-D8F8AB0D8982}.Debug|Any CPU.ActiveCfg = Debug|Any CPU
		{18EBA2D3-EF30-1D8C-5882-D8F8AB0D8982}.Debug|Any CPU.Build.0 = Debug|Any CPU
		{18EBA2D3-EF30-1D8C-5882-D8F8AB0D8982}.Release|Any CPU.ActiveCfg = Release|Any CPU
		{18EBA2D3-EF30-1D8C-5882-D8F8AB0D8982}.Release|Any CPU.Build.0 = Release|Any CPU
		{735F3971-389B-A52A-526A-20FA13FE0708}.Debug|Any CPU.ActiveCfg = Debug|Any CPU
		{735F3971-389B-A52A-526A-20FA13FE0708}.Debug|Any CPU.Build.0 = Debug|Any CPU
		{735F3971-389B-A52A-526A-20FA13FE0708}.Release|Any CPU.ActiveCfg = Release|Any CPU
		{735F3971-389B-A52A-526A-20FA13FE0708}.Release|Any CPU.Build.0 = Release|Any CPU
		{56A36D6A-0673-D83F-0BDD-429F09D6CC76}.Debug|Any CPU.ActiveCfg = Debug|Any CPU
		{56A36D6A-0673-D83F-0BDD-429F09D6CC76}.Debug|Any CPU.Build.0 = Debug|Any CPU
		{56A36D6A-0673-D83F-0BDD-429F09D6CC76}.Release|Any CPU.ActiveCfg = Release|Any CPU
		{56A36D6A-0673-D83F-0BDD-429F09D6CC76}.Release|Any CPU.Build.0 = Release|Any CPU
		{A5F763C6-F353-710D-B4C4-AD24A6DA2EB9}.Debug|Any CPU.ActiveCfg = Debug|Any CPU
		{A5F763C6-F353-710D-B4C4-AD24A6DA2EB9}.Debug|Any CPU.Build.0 = Debug|Any CPU
		{A5F763C6-F353-710D-B4C4-AD24A6DA2EB9}.Release|Any CPU.ActiveCfg = Release|Any CPU
		{A5F763C6-F353-710D-B4C4-AD24A6DA2EB9}.Release|Any CPU.Build.0 = Release|Any CPU
		{EA46513F-4C07-D31D-285B-BB554A4B83E2}.Debug|Any CPU.ActiveCfg = Debug|Any CPU
		{EA46513F-4C07-D31D-285B-BB554A4B83E2}.Debug|Any CPU.Build.0 = Debug|Any CPU
		{EA46513F-4C07-D31D-285B-BB554A4B83E2}.Release|Any CPU.ActiveCfg = Release|Any CPU
		{EA46513F-4C07-D31D-285B-BB554A4B83E2}.Release|Any CPU.Build.0 = Release|Any CPU
		{8F47FEAE-EA91-3C4D-2B69-1CBB614DE726}.Debug|Any CPU.ActiveCfg = Debug|Any CPU
		{8F47FEAE-EA91-3C4D-2B69-1CBB614DE726}.Debug|Any CPU.Build.0 = Debug|Any CPU
		{8F47FEAE-EA91-3C4D-2B69-1CBB614DE726}.Release|Any CPU.ActiveCfg = Release|Any CPU
		{8F47FEAE-EA91-3C4D-2B69-1CBB614DE726}.Release|Any CPU.Build.0 = Release|Any CPU
		{C9B7207E-E318-84DE-74EB-19A0E80EC72B}.Debug|Any CPU.ActiveCfg = Debug|Any CPU
		{C9B7207E-E318-84DE-74EB-19A0E80EC72B}.Debug|Any CPU.Build.0 = Debug|Any CPU
		{C9B7207E-E318-84DE-74EB-19A0E80EC72B}.Release|Any CPU.ActiveCfg = Release|Any CPU
		{C9B7207E-E318-84DE-74EB-19A0E80EC72B}.Release|Any CPU.Build.0 = Release|Any CPU
		{18E5365B-1FCA-EACA-53FE-9CD001643A06}.Debug|Any CPU.ActiveCfg = Debug|Any CPU
		{18E5365B-1FCA-EACA-53FE-9CD001643A06}.Debug|Any CPU.Build.0 = Debug|Any CPU
		{18E5365B-1FCA-EACA-53FE-9CD001643A06}.Release|Any CPU.ActiveCfg = Release|Any CPU
		{18E5365B-1FCA-EACA-53FE-9CD001643A06}.Release|Any CPU.Build.0 = Release|Any CPU
		{43A1A409-718A-B2F5-2D87-FFA99E19813B}.Debug|Any CPU.ActiveCfg = Debug|Any CPU
		{43A1A409-718A-B2F5-2D87-FFA99E19813B}.Debug|Any CPU.Build.0 = Debug|Any CPU
		{43A1A409-718A-B2F5-2D87-FFA99E19813B}.Release|Any CPU.ActiveCfg = Release|Any CPU
		{43A1A409-718A-B2F5-2D87-FFA99E19813B}.Release|Any CPU.Build.0 = Release|Any CPU
		{447E92AA-0128-FBAD-30AC-242238B1EEA2}.Debug|Any CPU.ActiveCfg = Debug|Any CPU
		{447E92AA-0128-FBAD-30AC-242238B1EEA2}.Debug|Any CPU.Build.0 = Debug|Any CPU
		{447E92AA-0128-FBAD-30AC-242238B1EEA2}.Release|Any CPU.ActiveCfg = Release|Any CPU
		{447E92AA-0128-FBAD-30AC-242238B1EEA2}.Release|Any CPU.Build.0 = Release|Any CPU
		{DFF3DA85-9E63-F318-FEBC-21C04B00547F}.Debug|Any CPU.ActiveCfg = Debug|Any CPU
		{DFF3DA85-9E63-F318-FEBC-21C04B00547F}.Debug|Any CPU.Build.0 = Debug|Any CPU
		{DFF3DA85-9E63-F318-FEBC-21C04B00547F}.Release|Any CPU.ActiveCfg = Release|Any CPU
		{DFF3DA85-9E63-F318-FEBC-21C04B00547F}.Release|Any CPU.Build.0 = Release|Any CPU
		{233A999E-5578-69E3-340C-6919DAA32C69}.Debug|Any CPU.ActiveCfg = Debug|Any CPU
		{233A999E-5578-69E3-340C-6919DAA32C69}.Debug|Any CPU.Build.0 = Debug|Any CPU
		{233A999E-5578-69E3-340C-6919DAA32C69}.Release|Any CPU.ActiveCfg = Release|Any CPU
		{233A999E-5578-69E3-340C-6919DAA32C69}.Release|Any CPU.Build.0 = Release|Any CPU
		{4E29ECA8-5C9B-EC93-BAA6-6C0161DE58AB}.Debug|Any CPU.ActiveCfg = Debug|Any CPU
		{4E29ECA8-5C9B-EC93-BAA6-6C0161DE58AB}.Debug|Any CPU.Build.0 = Debug|Any CPU
		{4E29ECA8-5C9B-EC93-BAA6-6C0161DE58AB}.Release|Any CPU.ActiveCfg = Release|Any CPU
		{4E29ECA8-5C9B-EC93-BAA6-6C0161DE58AB}.Release|Any CPU.Build.0 = Release|Any CPU
		{E62DB023-7887-0600-167F-2BF6B71EEF5A}.Debug|Any CPU.ActiveCfg = Debug|Any CPU
		{E62DB023-7887-0600-167F-2BF6B71EEF5A}.Debug|Any CPU.Build.0 = Debug|Any CPU
		{E62DB023-7887-0600-167F-2BF6B71EEF5A}.Release|Any CPU.ActiveCfg = Release|Any CPU
		{E62DB023-7887-0600-167F-2BF6B71EEF5A}.Release|Any CPU.Build.0 = Release|Any CPU
	EndGlobalSection
	GlobalSection(SolutionProperties) = preSolution
		HideSolutionNode = FALSE
	EndGlobalSection
	GlobalSection(NestedProjects) = preSolution
		{B0FFC900-5244-EC6E-C4B4-2D283D4F9DD6} = {1787FE1D-075E-9E68-7218-25F1BD1BBEAB}
		{76316D7A-CA39-CE02-A6B8-90A48786A053} = {1787FE1D-075E-9E68-7218-25F1BD1BBEAB}
		{42C1DBB0-A279-FED5-1C02-7D8F9D042900} = {CA253913-39DE-BFD0-C9A3-4B7EC6FBDF17}
		{42064809-8BD7-6B4F-5005-EC22ADA28BF0} = {CA253913-39DE-BFD0-C9A3-4B7EC6FBDF17}
		{18884CA8-771D-9CE0-3401-8C5DFCC3D9E6} = {CA253913-39DE-BFD0-C9A3-4B7EC6FBDF17}
		{9FF7021F-8953-20AB-C1E8-0DA9995C18CE} = {CA253913-39DE-BFD0-C9A3-4B7EC6FBDF17}
		{51FA31B0-BA7D-71E7-03B8-C4C223EF4484} = {CA253913-39DE-BFD0-C9A3-4B7EC6FBDF17}
		{28AED458-FCFF-8625-6C5D-D00DAA848F7B} = {CA253913-39DE-BFD0-C9A3-4B7EC6FBDF17}
		{241A87FF-D3FE-009C-A0F0-4BDC8AFBB834} = {CA253913-39DE-BFD0-C9A3-4B7EC6FBDF17}
		{CECC6D6E-C079-620C-6104-3A7CBA326E77} = {CA253913-39DE-BFD0-C9A3-4B7EC6FBDF17}
		{18EBA2D3-EF30-1D8C-5882-D8F8AB0D8982} = {CA253913-39DE-BFD0-C9A3-4B7EC6FBDF17}
		{735F3971-389B-A52A-526A-20FA13FE0708} = {CA253913-39DE-BFD0-C9A3-4B7EC6FBDF17}
		{56A36D6A-0673-D83F-0BDD-429F09D6CC76} = {CA253913-39DE-BFD0-C9A3-4B7EC6FBDF17}
		{A5F763C6-F353-710D-B4C4-AD24A6DA2EB9} = {CA253913-39DE-BFD0-C9A3-4B7EC6FBDF17}
		{EA46513F-4C07-D31D-285B-BB554A4B83E2} = {CA253913-39DE-BFD0-C9A3-4B7EC6FBDF17}
		{8F47FEAE-EA91-3C4D-2B69-1CBB614DE726} = {CA253913-39DE-BFD0-C9A3-4B7EC6FBDF17}
		{C9B7207E-E318-84DE-74EB-19A0E80EC72B} = {CA253913-39DE-BFD0-C9A3-4B7EC6FBDF17}
		{18E5365B-1FCA-EACA-53FE-9CD001643A06} = {827E0CD3-B72D-47B6-A68D-7590B98EB39B}
		{43A1A409-718A-B2F5-2D87-FFA99E19813B} = {827E0CD3-B72D-47B6-A68D-7590B98EB39B}
		{447E92AA-0128-FBAD-30AC-242238B1EEA2} = {0AB3BF05-4346-4AA6-1389-037BE0695223}
		{DFF3DA85-9E63-F318-FEBC-21C04B00547F} = {0AB3BF05-4346-4AA6-1389-037BE0695223}
		{233A999E-5578-69E3-340C-6919DAA32C69} = {0AB3BF05-4346-4AA6-1389-037BE0695223}
		{4E29ECA8-5C9B-EC93-BAA6-6C0161DE58AB} = {0AB3BF05-4346-4AA6-1389-037BE0695223}
		{E62DB023-7887-0600-167F-2BF6B71EEF5A} = {0AB3BF05-4346-4AA6-1389-037BE0695223}
	EndGlobalSection
	GlobalSection(ExtensibilityGlobals) = postSolution
		SolutionGuid = {04E0D034-EAC3-4612-9623-8EA4A6DC4949}
	EndGlobalSection
EndGlobal
